// !$*UTF8*$!
{
	archiveVersion = 1;
	classes = {
	};
	objectVersion = 56;
	objects = {

/* Begin PBXBuildFile section */
		A6C01B532C3BCB26001EFE53 /* AppDelegate.swift in Sources */ = {isa = PBXBuildFile; fileRef = A6C01B522C3BCB26001EFE53 /* AppDelegate.swift */; };
		A6C01B552C3BCB26001EFE53 /* SceneDelegate.swift in Sources */ = {isa = PBXBuildFile; fileRef = A6C01B542C3BCB26001EFE53 /* SceneDelegate.swift */; };
		A6C01B572C3BCB26001EFE53 /* ViewController.swift in Sources */ = {isa = PBXBuildFile; fileRef = A6C01B562C3BCB26001EFE53 /* ViewController.swift */; };
		A6C01B5A2C3BCB26001EFE53 /* Base in Resources */ = {isa = PBXBuildFile; fileRef = A6C01B592C3BCB26001EFE53 /* Base */; };
		A6C01B5C2C3BCB29001EFE53 /* Assets.xcassets in Resources */ = {isa = PBXBuildFile; fileRef = A6C01B5B2C3BCB29001EFE53 /* Assets.xcassets */; };
		A6C01B5F2C3BCB29001EFE53 /* Base in Resources */ = {isa = PBXBuildFile; fileRef = A6C01B5E2C3BCB29001EFE53 /* Base */; };
		A6C01B672C3D0261001EFE53 /* Constants.swift in Sources */ = {isa = PBXBuildFile; fileRef = A6C01B662C3D0261001EFE53 /* Constants.swift */; };
		A6C01B692C3D1368001EFE53 /* Video.swift in Sources */ = {isa = PBXBuildFile; fileRef = A6C01B682C3D1368001EFE53 /* Video.swift */; };
		A6C01B6B2C3D13CC001EFE53 /* Model.swift in Sources */ = {isa = PBXBuildFile; fileRef = A6C01B6A2C3D13CC001EFE53 /* Model.swift */; };
		A6C01B6D2C3D360E001EFE53 /* ConstantsTemplate.swift in Sources */ = {isa = PBXBuildFile; fileRef = A6C01B6C2C3D360E001EFE53 /* ConstantsTemplate.swift */; };
		A6C01B6F2C3D5E14001EFE53 /* Response.swift in Sources */ = {isa = PBXBuildFile; fileRef = A6C01B6E2C3D5E14001EFE53 /* Response.swift */; };
		A6C01B712C3E5C82001EFE53 /* VideoTableViewCell.swift in Sources */ = {isa = PBXBuildFile; fileRef = A6C01B702C3E5C82001EFE53 /* VideoTableViewCell.swift */; };
		A6C01B782C3E7310001EFE53 /* CacheManager.swift in Sources */ = {isa = PBXBuildFile; fileRef = A6C01B772C3E7310001EFE53 /* CacheManager.swift */; };
/* End PBXBuildFile section */

/* Begin PBXFileReference section */
		A6C01B4F2C3BCB26001EFE53 /* youtube-onedaybuild.app */ = {isa = PBXFileReference; explicitFileType = wrapper.application; includeInIndex = 0; path = "youtube-onedaybuild.app"; sourceTree = BUILT_PRODUCTS_DIR; };
		A6C01B522C3BCB26001EFE53 /* AppDelegate.swift */ = {isa = PBXFileReference; lastKnownFileType = sourcecode.swift; path = AppDelegate.swift; sourceTree = "<group>"; };
		A6C01B542C3BCB26001EFE53 /* SceneDelegate.swift */ = {isa = PBXFileReference; lastKnownFileType = sourcecode.swift; path = SceneDelegate.swift; sourceTree = "<group>"; };
		A6C01B562C3BCB26001EFE53 /* ViewController.swift */ = {isa = PBXFileReference; lastKnownFileType = sourcecode.swift; path = ViewController.swift; sourceTree = "<group>"; };
		A6C01B592C3BCB26001EFE53 /* Base */ = {isa = PBXFileReference; lastKnownFileType = file.storyboard; name = Base; path = Base.lproj/Main.storyboard; sourceTree = "<group>"; };
		A6C01B5B2C3BCB29001EFE53 /* Assets.xcassets */ = {isa = PBXFileReference; lastKnownFileType = folder.assetcatalog; path = Assets.xcassets; sourceTree = "<group>"; };
		A6C01B5E2C3BCB29001EFE53 /* Base */ = {isa = PBXFileReference; lastKnownFileType = file.storyboard; name = Base; path = Base.lproj/LaunchScreen.storyboard; sourceTree = "<group>"; };
		A6C01B602C3BCB29001EFE53 /* Info.plist */ = {isa = PBXFileReference; lastKnownFileType = text.plist.xml; path = Info.plist; sourceTree = "<group>"; };
		A6C01B662C3D0261001EFE53 /* Constants.swift */ = {isa = PBXFileReference; lastKnownFileType = sourcecode.swift; path = Constants.swift; sourceTree = "<group>"; };
		A6C01B682C3D1368001EFE53 /* Video.swift */ = {isa = PBXFileReference; lastKnownFileType = sourcecode.swift; path = Video.swift; sourceTree = "<group>"; };
		A6C01B6A2C3D13CC001EFE53 /* Model.swift */ = {isa = PBXFileReference; lastKnownFileType = sourcecode.swift; path = Model.swift; sourceTree = "<group>"; };
		A6C01B6C2C3D360E001EFE53 /* ConstantsTemplate.swift */ = {isa = PBXFileReference; lastKnownFileType = sourcecode.swift; path = ConstantsTemplate.swift; sourceTree = "<group>"; };
		A6C01B6E2C3D5E14001EFE53 /* Response.swift */ = {isa = PBXFileReference; lastKnownFileType = sourcecode.swift; path = Response.swift; sourceTree = "<group>"; };
		A6C01B702C3E5C82001EFE53 /* VideoTableViewCell.swift */ = {isa = PBXFileReference; lastKnownFileType = sourcecode.swift; path = VideoTableViewCell.swift; sourceTree = "<group>"; };
		A6C01B772C3E7310001EFE53 /* CacheManager.swift */ = {isa = PBXFileReference; lastKnownFileType = sourcecode.swift; path = CacheManager.swift; sourceTree = "<group>"; };
/* End PBXFileReference section */

/* Begin PBXFrameworksBuildPhase section */
		A6C01B4C2C3BCB26001EFE53 /* Frameworks */ = {
			isa = PBXFrameworksBuildPhase;
			buildActionMask = 2147483647;
			files = (
			);
			runOnlyForDeploymentPostprocessing = 0;
		};
/* End PBXFrameworksBuildPhase section */

/* Begin PBXGroup section */
		A6C01B462C3BCB26001EFE53 = {
			isa = PBXGroup;
			children = (
				A6C01B512C3BCB26001EFE53 /* youtube-onedaybuild */,
				A6C01B502C3BCB26001EFE53 /* Products */,
			);
			sourceTree = "<group>";
		};
		A6C01B502C3BCB26001EFE53 /* Products */ = {
			isa = PBXGroup;
			children = (
				A6C01B4F2C3BCB26001EFE53 /* youtube-onedaybuild.app */,
			);
			name = Products;
			sourceTree = "<group>";
		};
		A6C01B512C3BCB26001EFE53 /* youtube-onedaybuild */ = {
			isa = PBXGroup;
			children = (
				A6C01B522C3BCB26001EFE53 /* AppDelegate.swift */,
				A6C01B542C3BCB26001EFE53 /* SceneDelegate.swift */,
				A6C01B762C3E5CDA001EFE53 /* Helpers */,
				A6C01B752C3E5CD0001EFE53 /* Storyboards */,
				A6C01B742C3E5CC8001EFE53 /* Models */,
				A6C01B732C3E5CC2001EFE53 /* Views */,
				A6C01B722C3E5CB4001EFE53 /* ViewControllers */,
				A6C01B5B2C3BCB29001EFE53 /* Assets.xcassets */,
				A6C01B602C3BCB29001EFE53 /* Info.plist */,
			);
			path = "youtube-onedaybuild";
			sourceTree = "<group>";
		};
		A6C01B722C3E5CB4001EFE53 /* ViewControllers */ = {
			isa = PBXGroup;
			children = (
				A6C01B562C3BCB26001EFE53 /* ViewController.swift */,
			);
			path = ViewControllers;
			sourceTree = "<group>";
		};
		A6C01B732C3E5CC2001EFE53 /* Views */ = {
			isa = PBXGroup;
			children = (
				A6C01B702C3E5C82001EFE53 /* VideoTableViewCell.swift */,
			);
			path = Views;
			sourceTree = "<group>";
		};
		A6C01B742C3E5CC8001EFE53 /* Models */ = {
			isa = PBXGroup;
			children = (
				A6C01B682C3D1368001EFE53 /* Video.swift */,
				A6C01B6E2C3D5E14001EFE53 /* Response.swift */,
				A6C01B6A2C3D13CC001EFE53 /* Model.swift */,
			);
			path = Models;
			sourceTree = "<group>";
		};
		A6C01B752C3E5CD0001EFE53 /* Storyboards */ = {
			isa = PBXGroup;
			children = (
				A6C01B582C3BCB26001EFE53 /* Main.storyboard */,
				A6C01B5D2C3BCB29001EFE53 /* LaunchScreen.storyboard */,
			);
			path = Storyboards;
			sourceTree = "<group>";
		};
		A6C01B762C3E5CDA001EFE53 /* Helpers */ = {
			isa = PBXGroup;
			children = (
				A6C01B662C3D0261001EFE53 /* Constants.swift */,
				A6C01B6C2C3D360E001EFE53 /* ConstantsTemplate.swift */,
				A6C01B772C3E7310001EFE53 /* CacheManager.swift */,
			);
			path = Helpers;
			sourceTree = "<group>";
		};
/* End PBXGroup section */

/* Begin PBXNativeTarget section */
		A6C01B4E2C3BCB26001EFE53 /* youtube-onedaybuild */ = {
			isa = PBXNativeTarget;
			buildConfigurationList = A6C01B632C3BCB29001EFE53 /* Build configuration list for PBXNativeTarget "youtube-onedaybuild" */;
			buildPhases = (
				A6C01B4B2C3BCB26001EFE53 /* Sources */,
				A6C01B4C2C3BCB26001EFE53 /* Frameworks */,
				A6C01B4D2C3BCB26001EFE53 /* Resources */,
			);
			buildRules = (
			);
			dependencies = (
			);
			name = "youtube-onedaybuild";
			productName = "youtube-onedaybuild";
			productReference = A6C01B4F2C3BCB26001EFE53 /* youtube-onedaybuild.app */;
			productType = "com.apple.product-type.application";
		};
/* End PBXNativeTarget section */

/* Begin PBXProject section */
		A6C01B472C3BCB26001EFE53 /* Project object */ = {
			isa = PBXProject;
			attributes = {
				BuildIndependentTargetsInParallel = 1;
				LastSwiftUpdateCheck = 1530;
				LastUpgradeCheck = 1530;
				TargetAttributes = {
					A6C01B4E2C3BCB26001EFE53 = {
						CreatedOnToolsVersion = 15.3;
					};
				};
			};
			buildConfigurationList = A6C01B4A2C3BCB26001EFE53 /* Build configuration list for PBXProject "youtube-onedaybuild" */;
			compatibilityVersion = "Xcode 14.0";
			developmentRegion = en;
			hasScannedForEncodings = 0;
			knownRegions = (
				en,
				Base,
			);
			mainGroup = A6C01B462C3BCB26001EFE53;
			productRefGroup = A6C01B502C3BCB26001EFE53 /* Products */;
			projectDirPath = "";
			projectRoot = "";
			targets = (
				A6C01B4E2C3BCB26001EFE53 /* youtube-onedaybuild */,
			);
		};
/* End PBXProject section */

/* Begin PBXResourcesBuildPhase section */
		A6C01B4D2C3BCB26001EFE53 /* Resources */ = {
			isa = PBXResourcesBuildPhase;
			buildActionMask = 2147483647;
			files = (
				A6C01B5C2C3BCB29001EFE53 /* Assets.xcassets in Resources */,
				A6C01B5F2C3BCB29001EFE53 /* Base in Resources */,
				A6C01B5A2C3BCB26001EFE53 /* Base in Resources */,
			);
			runOnlyForDeploymentPostprocessing = 0;
		};
/* End PBXResourcesBuildPhase section */

/* Begin PBXSourcesBuildPhase section */
		A6C01B4B2C3BCB26001EFE53 /* Sources */ = {
			isa = PBXSourcesBuildPhase;
			buildActionMask = 2147483647;
			files = (
				A6C01B6F2C3D5E14001EFE53 /* Response.swift in Sources */,
				A6C01B6D2C3D360E001EFE53 /* ConstantsTemplate.swift in Sources */,
				A6C01B572C3BCB26001EFE53 /* ViewController.swift in Sources */,
				A6C01B532C3BCB26001EFE53 /* AppDelegate.swift in Sources */,
				A6C01B552C3BCB26001EFE53 /* SceneDelegate.swift in Sources */,
				A6C01B6B2C3D13CC001EFE53 /* Model.swift in Sources */,
				A6C01B782C3E7310001EFE53 /* CacheManager.swift in Sources */,
				A6C01B672C3D0261001EFE53 /* Constants.swift in Sources */,
				A6C01B692C3D1368001EFE53 /* Video.swift in Sources */,
				A6C01B712C3E5C82001EFE53 /* VideoTableViewCell.swift in Sources */,
			);
			runOnlyForDeploymentPostprocessing = 0;
		};
/* End PBXSourcesBuildPhase section */

/* Begin PBXVariantGroup section */
		A6C01B582C3BCB26001EFE53 /* Main.storyboard */ = {
			isa = PBXVariantGroup;
			children = (
				A6C01B592C3BCB26001EFE53 /* Base */,
			);
			name = Main.storyboard;
			sourceTree = "<group>";
		};
		A6C01B5D2C3BCB29001EFE53 /* LaunchScreen.storyboard */ = {
			isa = PBXVariantGroup;
			children = (
				A6C01B5E2C3BCB29001EFE53 /* Base */,
			);
			name = LaunchScreen.storyboard;
			sourceTree = "<group>";
		};
/* End PBXVariantGroup section */

/* Begin XCBuildConfiguration section */
		A6C01B612C3BCB29001EFE53 /* Debug */ = {
			isa = XCBuildConfiguration;
			buildSettings = {
				ALWAYS_SEARCH_USER_PATHS = NO;
				ASSETCATALOG_COMPILER_GENERATE_SWIFT_ASSET_SYMBOL_EXTENSIONS = YES;
				CLANG_ANALYZER_NONNULL = YES;
				CLANG_ANALYZER_NUMBER_OBJECT_CONVERSION = YES_AGGRESSIVE;
				CLANG_CXX_LANGUAGE_STANDARD = "gnu++20";
				CLANG_ENABLE_MODULES = YES;
				CLANG_ENABLE_OBJC_ARC = YES;
				CLANG_ENABLE_OBJC_WEAK = YES;
				CLANG_WARN_BLOCK_CAPTURE_AUTORELEASING = YES;
				CLANG_WARN_BOOL_CONVERSION = YES;
				CLANG_WARN_COMMA = YES;
				CLANG_WARN_CONSTANT_CONVERSION = YES;
				CLANG_WARN_DEPRECATED_OBJC_IMPLEMENTATIONS = YES;
				CLANG_WARN_DIRECT_OBJC_ISA_USAGE = YES_ERROR;
				CLANG_WARN_DOCUMENTATION_COMMENTS = YES;
				CLANG_WARN_EMPTY_BODY = YES;
				CLANG_WARN_ENUM_CONVERSION = YES;
				CLANG_WARN_INFINITE_RECURSION = YES;
				CLANG_WARN_INT_CONVERSION = YES;
				CLANG_WARN_NON_LITERAL_NULL_CONVERSION = YES;
				CLANG_WARN_OBJC_IMPLICIT_RETAIN_SELF = YES;
				CLANG_WARN_OBJC_LITERAL_CONVERSION = YES;
				CLANG_WARN_OBJC_ROOT_CLASS = YES_ERROR;
				CLANG_WARN_QUOTED_INCLUDE_IN_FRAMEWORK_HEADER = YES;
				CLANG_WARN_RANGE_LOOP_ANALYSIS = YES;
				CLANG_WARN_STRICT_PROTOTYPES = YES;
				CLANG_WARN_SUSPICIOUS_MOVE = YES;
				CLANG_WARN_UNGUARDED_AVAILABILITY = YES_AGGRESSIVE;
				CLANG_WARN_UNREACHABLE_CODE = YES;
				CLANG_WARN__DUPLICATE_METHOD_MATCH = YES;
				COPY_PHASE_STRIP = NO;
				DEBUG_INFORMATION_FORMAT = dwarf;
				ENABLE_STRICT_OBJC_MSGSEND = YES;
				ENABLE_TESTABILITY = YES;
				ENABLE_USER_SCRIPT_SANDBOXING = YES;
				GCC_C_LANGUAGE_STANDARD = gnu17;
				GCC_DYNAMIC_NO_PIC = NO;
				GCC_NO_COMMON_BLOCKS = YES;
				GCC_OPTIMIZATION_LEVEL = 0;
				GCC_PREPROCESSOR_DEFINITIONS = (
					"DEBUG=1",
					"$(inherited)",
				);
				GCC_WARN_64_TO_32_BIT_CONVERSION = YES;
				GCC_WARN_ABOUT_RETURN_TYPE = YES_ERROR;
				GCC_WARN_UNDECLARED_SELECTOR = YES;
				GCC_WARN_UNINITIALIZED_AUTOS = YES_AGGRESSIVE;
				GCC_WARN_UNUSED_FUNCTION = YES;
				GCC_WARN_UNUSED_VARIABLE = YES;
				IPHONEOS_DEPLOYMENT_TARGET = 17.4;
				LOCALIZATION_PREFERS_STRING_CATALOGS = YES;
				MTL_ENABLE_DEBUG_INFO = INCLUDE_SOURCE;
				MTL_FAST_MATH = YES;
				ONLY_ACTIVE_ARCH = YES;
				SDKROOT = iphoneos;
				SWIFT_ACTIVE_COMPILATION_CONDITIONS = "DEBUG $(inherited)";
				SWIFT_OPTIMIZATION_LEVEL = "-Onone";
			};
			name = Debug;
		};
		A6C01B622C3BCB29001EFE53 /* Release */ = {
			isa = XCBuildConfiguration;
			buildSettings = {
				ALWAYS_SEARCH_USER_PATHS = NO;
				ASSETCATALOG_COMPILER_GENERATE_SWIFT_ASSET_SYMBOL_EXTENSIONS = YES;
				CLANG_ANALYZER_NONNULL = YES;
				CLANG_ANALYZER_NUMBER_OBJECT_CONVERSION = YES_AGGRESSIVE;
				CLANG_CXX_LANGUAGE_STANDARD = "gnu++20";
				CLANG_ENABLE_MODULES = YES;
				CLANG_ENABLE_OBJC_ARC = YES;
				CLANG_ENABLE_OBJC_WEAK = YES;
				CLANG_WARN_BLOCK_CAPTURE_AUTORELEASING = YES;
				CLANG_WARN_BOOL_CONVERSION = YES;
				CLANG_WARN_COMMA = YES;
				CLANG_WARN_CONSTANT_CONVERSION = YES;
				CLANG_WARN_DEPRECATED_OBJC_IMPLEMENTATIONS = YES;
				CLANG_WARN_DIRECT_OBJC_ISA_USAGE = YES_ERROR;
				CLANG_WARN_DOCUMENTATION_COMMENTS = YES;
				CLANG_WARN_EMPTY_BODY = YES;
				CLANG_WARN_ENUM_CONVERSION = YES;
				CLANG_WARN_INFINITE_RECURSION = YES;
				CLANG_WARN_INT_CONVERSION = YES;
				CLANG_WARN_NON_LITERAL_NULL_CONVERSION = YES;
				CLANG_WARN_OBJC_IMPLICIT_RETAIN_SELF = YES;
				CLANG_WARN_OBJC_LITERAL_CONVERSION = YES;
				CLANG_WARN_OBJC_ROOT_CLASS = YES_ERROR;
				CLANG_WARN_QUOTED_INCLUDE_IN_FRAMEWORK_HEADER = YES;
				CLANG_WARN_RANGE_LOOP_ANALYSIS = YES;
				CLANG_WARN_STRICT_PROTOTYPES = YES;
				CLANG_WARN_SUSPICIOUS_MOVE = YES;
				CLANG_WARN_UNGUARDED_AVAILABILITY = YES_AGGRESSIVE;
				CLANG_WARN_UNREACHABLE_CODE = YES;
				CLANG_WARN__DUPLICATE_METHOD_MATCH = YES;
				COPY_PHASE_STRIP = NO;
				DEBUG_INFORMATION_FORMAT = "dwarf-with-dsym";
				ENABLE_NS_ASSERTIONS = NO;
				ENABLE_STRICT_OBJC_MSGSEND = YES;
				ENABLE_USER_SCRIPT_SANDBOXING = YES;
				GCC_C_LANGUAGE_STANDARD = gnu17;
				GCC_NO_COMMON_BLOCKS = YES;
				GCC_WARN_64_TO_32_BIT_CONVERSION = YES;
				GCC_WARN_ABOUT_RETURN_TYPE = YES_ERROR;
				GCC_WARN_UNDECLARED_SELECTOR = YES;
				GCC_WARN_UNINITIALIZED_AUTOS = YES_AGGRESSIVE;
				GCC_WARN_UNUSED_FUNCTION = YES;
				GCC_WARN_UNUSED_VARIABLE = YES;
				IPHONEOS_DEPLOYMENT_TARGET = 17.4;
				LOCALIZATION_PREFERS_STRING_CATALOGS = YES;
				MTL_ENABLE_DEBUG_INFO = NO;
				MTL_FAST_MATH = YES;
				SDKROOT = iphoneos;
				SWIFT_COMPILATION_MODE = wholemodule;
				VALIDATE_PRODUCT = YES;
			};
			name = Release;
		};
		A6C01B642C3BCB29001EFE53 /* Debug */ = {
			isa = XCBuildConfiguration;
			buildSettings = {
				ASSETCATALOG_COMPILER_APPICON_NAME = AppIcon;
				ASSETCATALOG_COMPILER_GLOBAL_ACCENT_COLOR_NAME = AccentColor;
				CODE_SIGN_STYLE = Automatic;
				CURRENT_PROJECT_VERSION = 1;
				GENERATE_INFOPLIST_FILE = YES;
				INFOPLIST_FILE = "youtube-onedaybuild/Info.plist";
				INFOPLIST_KEY_UIApplicationSupportsIndirectInputEvents = YES;
				INFOPLIST_KEY_UILaunchStoryboardName = LaunchScreen;
				INFOPLIST_KEY_UIMainStoryboardFile = Main;
				INFOPLIST_KEY_UISupportedInterfaceOrientations_iPad = "UIInterfaceOrientationPortrait UIInterfaceOrientationPortraitUpsideDown UIInterfaceOrientationLandscapeLeft UIInterfaceOrientationLandscapeRight";
				INFOPLIST_KEY_UISupportedInterfaceOrientations_iPhone = "UIInterfaceOrientationPortrait UIInterfaceOrientationLandscapeLeft UIInterfaceOrientationLandscapeRight";
				LD_RUNPATH_SEARCH_PATHS = (
					"$(inherited)",
					"@executable_path/Frameworks",
				);
				MARKETING_VERSION = 1.0;
				PRODUCT_BUNDLE_IDENTIFIER = "com.lavanya.youtube-onedaybuild";
				PRODUCT_NAME = "$(TARGET_NAME)";
				SWIFT_EMIT_LOC_STRINGS = YES;
				SWIFT_VERSION = 5.0;
				TARGETED_DEVICE_FAMILY = "1,2";
			};
			name = Debug;
		};
		A6C01B652C3BCB29001EFE53 /* Release */ = {
			isa = XCBuildConfiguration;
			buildSettings = {
				ASSETCATALOG_COMPILER_APPICON_NAME = AppIcon;
				ASSETCATALOG_COMPILER_GLOBAL_ACCENT_COLOR_NAME = AccentColor;
				CODE_SIGN_STYLE = Automatic;
				CURRENT_PROJECT_VERSION = 1;
				GENERATE_INFOPLIST_FILE = YES;
				INFOPLIST_FILE = "youtube-onedaybuild/Info.plist";
				INFOPLIST_KEY_UIApplicationSupportsIndirectInputEvents = YES;
				INFOPLIST_KEY_UILaunchStoryboardName = LaunchScreen;
				INFOPLIST_KEY_UIMainStoryboardFile = Main;
				INFOPLIST_KEY_UISupportedInterfaceOrientations_iPad = "UIInterfaceOrientationPortrait UIInterfaceOrientationPortraitUpsideDown UIInterfaceOrientationLandscapeLeft UIInterfaceOrientationLandscapeRight";
				INFOPLIST_KEY_UISupportedInterfaceOrientations_iPhone = "UIInterfaceOrientationPortrait UIInterfaceOrientationLandscapeLeft UIInterfaceOrientationLandscapeRight";
				LD_RUNPATH_SEARCH_PATHS = (
					"$(inherited)",
					"@executable_path/Frameworks",
				);
				MARKETING_VERSION = 1.0;
				PRODUCT_BUNDLE_IDENTIFIER = "com.lavanya.youtube-onedaybuild";
				PRODUCT_NAME = "$(TARGET_NAME)";
				SWIFT_EMIT_LOC_STRINGS = YES;
				SWIFT_VERSION = 5.0;
				TARGETED_DEVICE_FAMILY = "1,2";
			};
			name = Release;
		};
/* End XCBuildConfiguration section */

/* Begin XCConfigurationList section */
		A6C01B4A2C3BCB26001EFE53 /* Build configuration list for PBXProject "youtube-onedaybuild" */ = {
			isa = XCConfigurationList;
			buildConfigurations = (
				A6C01B612C3BCB29001EFE53 /* Debug */,
				A6C01B622C3BCB29001EFE53 /* Release */,
			);
			defaultConfigurationIsVisible = 0;
			defaultConfigurationName = Release;
		};
		A6C01B632C3BCB29001EFE53 /* Build configuration list for PBXNativeTarget "youtube-onedaybuild" */ = {
			isa = XCConfigurationList;
			buildConfigurations = (
				A6C01B642C3BCB29001EFE53 /* Debug */,
				A6C01B652C3BCB29001EFE53 /* Release */,
			);
			defaultConfigurationIsVisible = 0;
			defaultConfigurationName = Release;
		};
/* End XCConfigurationList section */
	};
	rootObject = A6C01B472C3BCB26001EFE53 /* Project object */;
}
